// !$*UTF8*$!
{
	archiveVersion = 1;
	classes = {
	};
	objectVersion = 46;
	objects = {

/* Begin PBXBuildFile section */
		A753D10F1EBDFC8A00092B49 /* AppDelegate.swift in Sources */ = {isa = PBXBuildFile; fileRef = A753D10E1EBDFC8A00092B49 /* AppDelegate.swift */; };
		A753D1111EBDFC8A00092B49 /* ViewController.swift in Sources */ = {isa = PBXBuildFile; fileRef = A753D1101EBDFC8A00092B49 /* ViewController.swift */; };
		A753D1141EBDFC8A00092B49 /* Main.storyboard in Resources */ = {isa = PBXBuildFile; fileRef = A753D1121EBDFC8A00092B49 /* Main.storyboard */; };
		A753D1161EBDFC8A00092B49 /* Assets.xcassets in Resources */ = {isa = PBXBuildFile; fileRef = A753D1151EBDFC8A00092B49 /* Assets.xcassets */; };
		A753D1191EBDFC8A00092B49 /* LaunchScreen.storyboard in Resources */ = {isa = PBXBuildFile; fileRef = A753D1171EBDFC8A00092B49 /* LaunchScreen.storyboard */; };
/* End PBXBuildFile section */

/* Begin PBXFileReference section */
		A753D10B1EBDFC8A00092B49 /* UINotification.app */ = {isa = PBXFileReference; explicitFileType = wrapper.application; includeInIndex = 0; path = UINotification.app; sourceTree = BUILT_PRODUCTS_DIR; };
		A753D10E1EBDFC8A00092B49 /* AppDelegate.swift */ = {isa = PBXFileReference; lastKnownFileType = sourcecode.swift; path = AppDelegate.swift; sourceTree = "<group>"; };
		A753D1101EBDFC8A00092B49 /* ViewController.swift */ = {isa = PBXFileReference; lastKnownFileType = sourcecode.swift; path = ViewController.swift; sourceTree = "<group>"; };
		A753D1131EBDFC8A00092B49 /* Base */ = {isa = PBXFileReference; lastKnownFileType = file.storyboard; name = Base; path = Base.lproj/Main.storyboard; sourceTree = "<group>"; };
		A753D1151EBDFC8A00092B49 /* Assets.xcassets */ = {isa = PBXFileReference; lastKnownFileType = folder.assetcatalog; path = Assets.xcassets; sourceTree = "<group>"; };
		A753D1181EBDFC8A00092B49 /* Base */ = {isa = PBXFileReference; lastKnownFileType = file.storyboard; name = Base; path = Base.lproj/LaunchScreen.storyboard; sourceTree = "<group>"; };
		A753D11A1EBDFC8A00092B49 /* Info.plist */ = {isa = PBXFileReference; lastKnownFileType = text.plist.xml; path = Info.plist; sourceTree = "<group>"; };
/* End PBXFileReference section */

/* Begin PBXFrameworksBuildPhase section */
		A753D1081EBDFC8A00092B49 /* Frameworks */ = {
			isa = PBXFrameworksBuildPhase;
			buildActionMask = 2147483647;
			files = (
			);
			runOnlyForDeploymentPostprocessing = 0;
		};
/* End PBXFrameworksBuildPhase section */

/* Begin PBXGroup section */
		A753D1021EBDFC8A00092B49 = {
			isa = PBXGroup;
			children = (
				A753D10D1EBDFC8A00092B49 /* UINotification */,
				A753D10C1EBDFC8A00092B49 /* Products */,
			);
			sourceTree = "<group>";
		};
		A753D10C1EBDFC8A00092B49 /* Products */ = {
			isa = PBXGroup;
			children = (
				A753D10B1EBDFC8A00092B49 /* UINotification.app */,
			);
			name = Products;
			sourceTree = "<group>";
		};
		A753D10D1EBDFC8A00092B49 /* UINotification */ = {
			isa = PBXGroup;
			children = (
				A753D10E1EBDFC8A00092B49 /* AppDelegate.swift */,
				A753D1101EBDFC8A00092B49 /* ViewController.swift */,
				A753D1121EBDFC8A00092B49 /* Main.storyboard */,
				A753D1151EBDFC8A00092B49 /* Assets.xcassets */,
				A753D1171EBDFC8A00092B49 /* LaunchScreen.storyboard */,
				A753D11A1EBDFC8A00092B49 /* Info.plist */,
			);
			path = UINotification;
			sourceTree = "<group>";
		};
/* End PBXGroup section */

/* Begin PBXNativeTarget section */
		A753D10A1EBDFC8A00092B49 /* UINotification */ = {
			isa = PBXNativeTarget;
			buildConfigurationList = A753D11D1EBDFC8A00092B49 /* Build configuration list for PBXNativeTarget "UINotification" */;
			buildPhases = (
				A753D1071EBDFC8A00092B49 /* Sources */,
				A753D1081EBDFC8A00092B49 /* Frameworks */,
				A753D1091EBDFC8A00092B49 /* Resources */,
			);
			buildRules = (
			);
			dependencies = (
			);
			name = UINotification;
			productName = UINotification;
			productReference = A753D10B1EBDFC8A00092B49 /* UINotification.app */;
			productType = "com.apple.product-type.application";
		};
/* End PBXNativeTarget section */

/* Begin PBXProject section */
		A753D1031EBDFC8A00092B49 /* Project object */ = {
			isa = PBXProject;
			attributes = {
				LastSwiftUpdateCheck = 0820;
				LastUpgradeCheck = 0820;
				ORGANIZATIONNAME = zwart;
				TargetAttributes = {
					A753D10A1EBDFC8A00092B49 = {
						CreatedOnToolsVersion = 8.2.1;
						ProvisioningStyle = Automatic;
					};
				};
			};
			buildConfigurationList = A753D1061EBDFC8A00092B49 /* Build configuration list for PBXProject "UINotification" */;
			compatibilityVersion = "Xcode 3.2";
			developmentRegion = English;
			hasScannedForEncodings = 0;
			knownRegions = (
				en,
				Base,
			);
			mainGroup = A753D1021EBDFC8A00092B49;
			productRefGroup = A753D10C1EBDFC8A00092B49 /* Products */;
			projectDirPath = "";
			projectRoot = "";
			targets = (
				A753D10A1EBDFC8A00092B49 /* UINotification */,
			);
		};
/* End PBXProject section */

/* Begin PBXResourcesBuildPhase section */
		A753D1091EBDFC8A00092B49 /* Resources */ = {
			isa = PBXResourcesBuildPhase;
			buildActionMask = 2147483647;
			files = (
				A753D1191EBDFC8A00092B49 /* LaunchScreen.storyboard in Resources */,
				A753D1161EBDFC8A00092B49 /* Assets.xcassets in Resources */,
				A753D1141EBDFC8A00092B49 /* Main.storyboard in Resources */,
			);
			runOnlyForDeploymentPostprocessing = 0;
		};
/* End PBXResourcesBuildPhase section */

/* Begin PBXSourcesBuildPhase section */
		A753D1071EBDFC8A00092B49 /* Sources */ = {
			isa = PBXSourcesBuildPhase;
			buildActionMask = 2147483647;
			files = (
				A753D1111EBDFC8A00092B49 /* ViewController.swift in Sources */,
				A753D10F1EBDFC8A00092B49 /* AppDelegate.swift in Sources */,
			);
			runOnlyForDeploymentPostprocessing = 0;
		};
/* End PBXSourcesBuildPhase section */

/* Begin PBXVariantGroup section */
		A753D1121EBDFC8A00092B49 /* Main.storyboard */ = {
			isa = PBXVariantGroup;
			children = (
				A753D1131EBDFC8A00092B49 /* Base */,
			);
			name = Main.storyboard;
			sourceTree = "<group>";
		};
		A753D1171EBDFC8A00092B49 /* LaunchScreen.storyboard */ = {
			isa = PBXVariantGroup;
			children = (
				A753D1181EBDFC8A00092B49 /* Base */,
			);
			name = LaunchScreen.storyboard;
			sourceTree = "<group>";
		};
/* End PBXVariantGroup section */

/* Begin XCBuildConfiguration section */
		A753D11B1EBDFC8A00092B49 /* Debug */ = {
			isa = XCBuildConfiguration;
			buildSettings = {
				ALWAYS_SEARCH_USER_PATHS = NO;
				CLANG_ANALYZER_NONNULL = YES;
				CLANG_CXX_LANGUAGE_STANDARD = "gnu++0x";
				CLANG_CXX_LIBRARY = "libc++";
				CLANG_ENABLE_MODULES = YES;
				CLANG_ENABLE_OBJC_ARC = YES;
				CLANG_WARN_BOOL_CONVERSION = YES;
				CLANG_WARN_CONSTANT_CONVERSION = YES;
				CLANG_WARN_DIRECT_OBJC_ISA_USAGE = YES_ERROR;
				CLANG_WARN_DOCUMENTATION_COMMENTS = YES;
				CLANG_WARN_EMPTY_BODY = YES;
				CLANG_WARN_ENUM_CONVERSION = YES;
				CLANG_WARN_INFINITE_RECURSION = YES;
				CLANG_WARN_INT_CONVERSION = YES;
				CLANG_WARN_OBJC_ROOT_CLASS = YES_ERROR;
				CLANG_WARN_SUSPICIOUS_MOVE = YES;
				CLANG_WARN_UNREACHABLE_CODE = YES;
				CLANG_WARN__DUPLICATE_METHOD_MATCH = YES;
				"CODE_SIGN_IDENTITY[sdk=iphoneos*]" = "iPhone Developer";
				COPY_PHASE_STRIP = NO;
				DEBUG_INFORMATION_FORMAT = dwarf;
				ENABLE_STRICT_OBJC_MSGSEND = YES;
				ENABLE_TESTABILITY = YES;
				GCC_C_LANGUAGE_STANDARD = gnu99;
				GCC_DYNAMIC_NO_PIC = NO;
				GCC_NO_COMMON_BLOCKS = YES;
				GCC_OPTIMIZATION_LEVEL = 0;
				GCC_PREPROCESSOR_DEFINITIONS = (
					"DEBUG=1",
					"$(inherited)",
				);
				GCC_WARN_64_TO_32_BIT_CONVERSION = YES;
				GCC_WARN_ABOUT_RETURN_TYPE = YES_ERROR;
				GCC_WARN_UNDECLARED_SELECTOR = YES;
				GCC_WARN_UNINITIALIZED_AUTOS = YES_AGGRESSIVE;
				GCC_WARN_UNUSED_FUNCTION = YES;
				GCC_WARN_UNUSED_VARIABLE = YES;
				IPHONEOS_DEPLOYMENT_TARGET = 10.2;
				MTL_ENABLE_DEBUG_INFO = YES;
				ONLY_ACTIVE_ARCH = YES;
				SDKROOT = iphoneos;
				SWIFT_ACTIVE_COMPILATION_CONDITIONS = DEBUG;
				SWIFT_OPTIMIZATION_LEVEL = "-Onone";
				TARGETED_DEVICE_FAMILY = "1,2";
			};
			name = Debug;
		};
		A753D11C1EBDFC8A00092B49 /* Release */ = {
			isa = XCBuildConfiguration;
			buildSettings = {
				ALWAYS_SEARCH_USER_PATHS = NO;
				CLANG_ANALYZER_NONNULL = YES;
				CLANG_CXX_LANGUAGE_STANDARD = "gnu++0x";
				CLANG_CXX_LIBRARY = "libc++";
				CLANG_ENABLE_MODULES = YES;
				CLANG_ENABLE_OBJC_ARC = YES;
				CLANG_WARN_BOOL_CONVERSION = YES;
				CLANG_WARN_CONSTANT_CONVERSION = YES;
				CLANG_WARN_DIRECT_OBJC_ISA_USAGE = YES_ERROR;
				CLANG_WARN_DOCUMENTATION_COMMENTS = YES;
				CLANG_WARN_EMPTY_BODY = YES;
				CLANG_WARN_ENUM_CONVERSION = YES;
				CLANG_WARN_INFINITE_RECURSION = YES;
				CLANG_WARN_INT_CONVERSION = YES;
				CLANG_WARN_OBJC_ROOT_CLASS = YES_ERROR;
				CLANG_WARN_SUSPICIOUS_MOVE = YES;
				CLANG_WARN_UNREACHABLE_CODE = YES;
				CLANG_WARN__DUPLICATE_METHOD_MATCH = YES;
				"CODE_SIGN_IDENTITY[sdk=iphoneos*]" = "iPhone Developer";
				COPY_PHASE_STRIP = NO;
				DEBUG_INFORMATION_FORMAT = "dwarf-with-dsym";
				ENABLE_NS_ASSERTIONS = NO;
				ENABLE_STRICT_OBJC_MSGSEND = YES;
				GCC_C_LANGUAGE_STANDARD = gnu99;
				GCC_NO_COMMON_BLOCKS = YES;
				GCC_WARN_64_TO_32_BIT_CONVERSION = YES;
				GCC_WARN_ABOUT_RETURN_TYPE = YES_ERROR;
				GCC_WARN_UNDECLARED_SELECTOR = YES;
				GCC_WARN_UNINITIALIZED_AUTOS = YES_AGGRESSIVE;
				GCC_WARN_UNUSED_FUNCTION = YES;
				GCC_WARN_UNUSED_VARIABLE = YES;
				IPHONEOS_DEPLOYMENT_TARGET = 10.2;
				MTL_ENABLE_DEBUG_INFO = NO;
				SDKROOT = iphoneos;
				SWIFT_OPTIMIZATION_LEVEL = "-Owholemodule";
				TARGETED_DEVICE_FAMILY = "1,2";
				VALIDATE_PRODUCT = YES;
			};
			name = Release;
		};
		A753D11E1EBDFC8A00092B49 /* Debug */ = {
			isa = XCBuildConfiguration;
			buildSettings = {
				ASSETCATALOG_COMPILER_APPICON_NAME = AppIcon;
				INFOPLIST_FILE = UINotification/Info.plist;
				LD_RUNPATH_SEARCH_PATHS = "$(inherited) @executable_path/Frameworks";
				PRODUCT_BUNDLE_IDENTIFIER = hcmute.UINotification;
				PRODUCT_NAME = "$(TARGET_NAME)";
				SWIFT_VERSION = 3.0;
			};
			name = Debug;
		};
		A753D11F1EBDFC8A00092B49 /* Release */ = {
			isa = XCBuildConfiguration;
			buildSettings = {
				ASSETCATALOG_COMPILER_APPICON_NAME = AppIcon;
				INFOPLIST_FILE = UINotification/Info.plist;
				LD_RUNPATH_SEARCH_PATHS = "$(inherited) @executable_path/Frameworks";
				PRODUCT_BUNDLE_IDENTIFIER = hcmute.UINotification;
				PRODUCT_NAME = "$(TARGET_NAME)";
				SWIFT_VERSION = 3.0;
			};
			name = Release;
		};
/* End XCBuildConfiguration section */

/* Begin XCConfigurationList section */
		A753D1061EBDFC8A00092B49 /* Build configuration list for PBXProject "UINotification" */ = {
			isa = XCConfigurationList;
			buildConfigurations = (
				A753D11B1EBDFC8A00092B49 /* Debug */,
				A753D11C1EBDFC8A00092B49 /* Release */,
			);
			defaultConfigurationIsVisible = 0;
			defaultConfigurationName = Release;
		};
		A753D11D1EBDFC8A00092B49 /* Build configuration list for PBXNativeTarget "UINotification" */ = {
			isa = XCConfigurationList;
			buildConfigurations = (
				A753D11E1EBDFC8A00092B49 /* Debug */,
				A753D11F1EBDFC8A00092B49 /* Release */,
			);
			defaultConfigurationIsVisible = 0;
		};
/* End XCConfigurationList section */
	};
	rootObject = A753D1031EBDFC8A00092B49 /* Project object */;
}
